
Microsoft Visual Studio Solution File, Format Version 12.00
# Visual Studio Version 16
VisualStudioVersion = 16.0.32106.194
MinimumVisualStudioVersion = 10.0.40219.1
Project("{9A19103F-16F7-4668-BE54-9A1E7A4F7556}") = "MyCourse", "MyCourse.csproj", "{920ED039-0154-479B-81DA-2D699AF66E4D}"
EndProject
Global
	GlobalSection(SolutionConfigurationPlatforms) = preSolution
		Debug|Any CPU = Debug|Any CPU
		Release|Any CPU = Release|Any CPU
	EndGlobalSection
	GlobalSection(ProjectConfigurationPlatforms) = postSolution
		{920ED039-0154-479B-81DA-2D699AF66E4D}.Debug|Any CPU.ActiveCfg = Debug|Any CPU
		{920ED039-0154-479B-81DA-2D699AF66E4D}.Debug|Any CPU.Build.0 = Debug|Any CPU
		{920ED039-0154-479B-81DA-2D699AF66E4D}.Release|Any CPU.ActiveCfg = Release|Any CPU
		{920ED039-0154-479B-81DA-2D699AF66E4D}.Release|Any CPU.Build.0 = Release|Any CPU
	EndGlobalSection
	GlobalSection(SolutionProperties) = preSolution
		HideSolutionNode = FALSE
	EndGlobalSection
	GlobalSection(ExtensibilityGlobals) = postSolution
		SolutionGuid = {23C4D506-788B-4E40-98F2-026E5A82A689}
	EndGlobalSection
EndGlobal
